// !$*UTF8*$!
{
	archiveVersion = 1;
	classes = {
	};
	objectVersion = 70;
	objects = {

/* Begin PBXBuildFile section */
		1743F6732D71C40000372929 /* ScreenNames.swift in Sources */ = {isa = PBXBuildFile; fileRef = 1743F6722D71C3FE00372929 /* ScreenNames.swift */; };
		1743F6752D71D7C300372929 /* Router.swift in Sources */ = {isa = PBXBuildFile; fileRef = 1743F6742D71D7BB00372929 /* Router.swift */; };
		1743F6AE2D72187B00372929 /* MyApp.swift in Sources */ = {isa = PBXBuildFile; fileRef = 1743F6AD2D72185E00372929 /* MyApp.swift */; };
		520C4B262D6F31B6003B08E2 /* UniversityNApp.swift in Sources */ = {isa = PBXBuildFile; fileRef = 520C4B252D6F31B6003B08E2 /* UniversityNApp.swift */; };
		520C4B282D6F31B6003B08E2 /* ContentView.swift in Sources */ = {isa = PBXBuildFile; fileRef = 520C4B272D6F31B6003B08E2 /* ContentView.swift */; };
		520C4B2A2D6F31B7003B08E2 /* Assets.xcassets in Resources */ = {isa = PBXBuildFile; fileRef = 520C4B292D6F31B7003B08E2 /* Assets.xcassets */; };
		520C4B2D2D6F31B7003B08E2 /* Preview Assets.xcassets in Resources */ = {isa = PBXBuildFile; fileRef = 520C4B2C2D6F31B7003B08E2 /* Preview Assets.xcassets */; };
		520C4B372D6F31B8003B08E2 /* UniversityNTests.swift in Sources */ = {isa = PBXBuildFile; fileRef = 520C4B362D6F31B8003B08E2 /* UniversityNTests.swift */; };
		520C4B412D6F31B8003B08E2 /* UniversityNUITests.swift in Sources */ = {isa = PBXBuildFile; fileRef = 520C4B402D6F31B8003B08E2 /* UniversityNUITests.swift */; };
		520C4B432D6F31B8003B08E2 /* UniversityNUITestsLaunchTests.swift in Sources */ = {isa = PBXBuildFile; fileRef = 520C4B422D6F31B8003B08E2 /* UniversityNUITestsLaunchTests.swift */; };
		520C4B502D6F3386003B08E2 /* LoginView.swift in Sources */ = {isa = PBXBuildFile; fileRef = 520C4B4F2D6F3386003B08E2 /* LoginView.swift */; };
		520C4B5C2D6F46DC003B08E2 /* Signup.swift in Sources */ = {isa = PBXBuildFile; fileRef = 520C4B5B2D6F46DC003B08E2 /* Signup.swift */; };
		520C4B5E2D6F5020003B08E2 /* Verification.swift in Sources */ = {isa = PBXBuildFile; fileRef = 520C4B5D2D6F5020003B08E2 /* Verification.swift */; };
		520C4B602D6F50BE003B08E2 /* ResetPasswordView.swift in Sources */ = {isa = PBXBuildFile; fileRef = 520C4B5F2D6F50BE003B08E2 /* ResetPasswordView.swift */; };
		520C4B622D6F51B6003B08E2 /* PhoneGuideView1.swift in Sources */ = {isa = PBXBuildFile; fileRef = 520C4B612D6F51B6003B08E2 /* PhoneGuideView1.swift */; };
		520C4B6A2D6F58FB003B08E2 /* EventAppView.swift in Sources */ = {isa = PBXBuildFile; fileRef = 520C4B692D6F58FB003B08E2 /* EventAppView.swift */; };
		520C4B6C2D6FA05D003B08E2 /* EventDetailView.swift in Sources */ = {isa = PBXBuildFile; fileRef = 520C4B6B2D6FA05D003B08E2 /* EventDetailView.swift */; };
		520C4B702D6FA5E2003B08E2 /* EventsListView.swift in Sources */ = {isa = PBXBuildFile; fileRef = 520C4B6F2D6FA5E2003B08E2 /* EventsListView.swift */; };
		52812BBD2D708F4600BDB866 /* LabListView.swift in Sources */ = {isa = PBXBuildFile; fileRef = 52812BBC2D708F4600BDB866 /* LabListView.swift */; };
		52812BBF2D70B7CE00BDB866 /* LocationDetailView.swift in Sources */ = {isa = PBXBuildFile; fileRef = 52812BBE2D70B7CE00BDB866 /* LocationDetailView.swift */; };
		52812BC32D70BF0000BDB866 /* CampusMapView.swift in Sources */ = {isa = PBXBuildFile; fileRef = 52812BC22D70BF0000BDB866 /* CampusMapView.swift */; };
		52812BC72D70CE8600BDB866 /* FilterView.swift in Sources */ = {isa = PBXBuildFile; fileRef = 52812BC62D70CE8600BDB866 /* FilterView.swift */; };
		52812BC92D70D17800BDB866 /* SideMenuView.swift in Sources */ = {isa = PBXBuildFile; fileRef = 52812BC82D70D17800BDB866 /* SideMenuView.swift */; };
		52812BCD2D70DC6100BDB866 /* ProfileView.swift in Sources */ = {isa = PBXBuildFile; fileRef = 52812BCC2D70DC6100BDB866 /* ProfileView.swift */; };
		52812BDB2D7101EF00BDB866 /* LoadingView.swift in Sources */ = {isa = PBXBuildFile; fileRef = 52812BDA2D7101EF00BDB866 /* LoadingView.swift */; };
/* End PBXBuildFile section */

/* Begin PBXContainerItemProxy section */
		520C4B332D6F31B7003B08E2 /* PBXContainerItemProxy */ = {
			isa = PBXContainerItemProxy;
			containerPortal = 520C4B1A2D6F31B6003B08E2 /* Project object */;
			proxyType = 1;
			remoteGlobalIDString = 520C4B212D6F31B6003B08E2;
			remoteInfo = UniversityN;
		};
		520C4B3D2D6F31B8003B08E2 /* PBXContainerItemProxy */ = {
			isa = PBXContainerItemProxy;
			containerPortal = 520C4B1A2D6F31B6003B08E2 /* Project object */;
			proxyType = 1;
			remoteGlobalIDString = 520C4B212D6F31B6003B08E2;
			remoteInfo = UniversityN;
		};
/* End PBXContainerItemProxy section */

/* Begin PBXFileReference section */
		1743F6422D71A32C00372929 /* Untitled.swift */ = {isa = PBXFileReference; lastKnownFileType = sourcecode.swift; path = Untitled.swift; sourceTree = "<group>"; };
		1743F6722D71C3FE00372929 /* ScreenNames.swift */ = {isa = PBXFileReference; lastKnownFileType = sourcecode.swift; path = ScreenNames.swift; sourceTree = "<group>"; };
		1743F6742D71D7BB00372929 /* Router.swift */ = {isa = PBXFileReference; lastKnownFileType = sourcecode.swift; path = Router.swift; sourceTree = "<group>"; };
		1743F6AD2D72185E00372929 /* MyApp.swift */ = {isa = PBXFileReference; lastKnownFileType = sourcecode.swift; path = MyApp.swift; sourceTree = "<group>"; };
		520C4B222D6F31B6003B08E2 /* UniversityN.app */ = {isa = PBXFileReference; explicitFileType = wrapper.application; includeInIndex = 0; path = UniversityN.app; sourceTree = BUILT_PRODUCTS_DIR; };
		520C4B252D6F31B6003B08E2 /* UniversityNApp.swift */ = {isa = PBXFileReference; lastKnownFileType = sourcecode.swift; path = UniversityNApp.swift; sourceTree = "<group>"; };
		520C4B272D6F31B6003B08E2 /* ContentView.swift */ = {isa = PBXFileReference; lastKnownFileType = sourcecode.swift; path = ContentView.swift; sourceTree = "<group>"; };
		520C4B292D6F31B7003B08E2 /* Assets.xcassets */ = {isa = PBXFileReference; lastKnownFileType = folder.assetcatalog; path = Assets.xcassets; sourceTree = "<group>"; };
		520C4B2C2D6F31B7003B08E2 /* Preview Assets.xcassets */ = {isa = PBXFileReference; lastKnownFileType = folder.assetcatalog; path = "Preview Assets.xcassets"; sourceTree = "<group>"; };
		520C4B322D6F31B7003B08E2 /* UniversityNTests.xctest */ = {isa = PBXFileReference; explicitFileType = wrapper.cfbundle; includeInIndex = 0; path = UniversityNTests.xctest; sourceTree = BUILT_PRODUCTS_DIR; };
		520C4B362D6F31B8003B08E2 /* UniversityNTests.swift */ = {isa = PBXFileReference; lastKnownFileType = sourcecode.swift; path = UniversityNTests.swift; sourceTree = "<group>"; };
		520C4B3C2D6F31B8003B08E2 /* UniversityNUITests.xctest */ = {isa = PBXFileReference; explicitFileType = wrapper.cfbundle; includeInIndex = 0; path = UniversityNUITests.xctest; sourceTree = BUILT_PRODUCTS_DIR; };
		520C4B402D6F31B8003B08E2 /* UniversityNUITests.swift */ = {isa = PBXFileReference; lastKnownFileType = sourcecode.swift; path = UniversityNUITests.swift; sourceTree = "<group>"; };
		520C4B422D6F31B8003B08E2 /* UniversityNUITestsLaunchTests.swift */ = {isa = PBXFileReference; lastKnownFileType = sourcecode.swift; path = UniversityNUITestsLaunchTests.swift; sourceTree = "<group>"; };
		520C4B4F2D6F3386003B08E2 /* LoginView.swift */ = {isa = PBXFileReference; lastKnownFileType = sourcecode.swift; path = LoginView.swift; sourceTree = "<group>"; };
		520C4B5B2D6F46DC003B08E2 /* Signup.swift */ = {isa = PBXFileReference; lastKnownFileType = sourcecode.swift; path = Signup.swift; sourceTree = "<group>"; };
		520C4B5D2D6F5020003B08E2 /* Verification.swift */ = {isa = PBXFileReference; lastKnownFileType = sourcecode.swift; path = Verification.swift; sourceTree = "<group>"; };
		520C4B5F2D6F50BE003B08E2 /* ResetPasswordView.swift */ = {isa = PBXFileReference; lastKnownFileType = sourcecode.swift; path = ResetPasswordView.swift; sourceTree = "<group>"; };
		520C4B612D6F51B6003B08E2 /* PhoneGuideView1.swift */ = {isa = PBXFileReference; lastKnownFileType = sourcecode.swift; path = PhoneGuideView1.swift; sourceTree = "<group>"; };
		520C4B692D6F58FB003B08E2 /* EventAppView.swift */ = {isa = PBXFileReference; lastKnownFileType = sourcecode.swift; path = EventAppView.swift; sourceTree = "<group>"; };
		520C4B6B2D6FA05D003B08E2 /* EventDetailView.swift */ = {isa = PBXFileReference; lastKnownFileType = sourcecode.swift; path = EventDetailView.swift; sourceTree = "<group>"; };
		520C4B6F2D6FA5E2003B08E2 /* EventsListView.swift */ = {isa = PBXFileReference; lastKnownFileType = sourcecode.swift; path = EventsListView.swift; sourceTree = "<group>"; };
		52812BBC2D708F4600BDB866 /* LabListView.swift */ = {isa = PBXFileReference; lastKnownFileType = sourcecode.swift; path = LabListView.swift; sourceTree = "<group>"; };
		52812BBE2D70B7CE00BDB866 /* LocationDetailView.swift */ = {isa = PBXFileReference; lastKnownFileType = sourcecode.swift; path = LocationDetailView.swift; sourceTree = "<group>"; };
		52812BC22D70BF0000BDB866 /* CampusMapView.swift */ = {isa = PBXFileReference; lastKnownFileType = sourcecode.swift; path = CampusMapView.swift; sourceTree = "<group>"; };
		52812BC62D70CE8600BDB866 /* FilterView.swift */ = {isa = PBXFileReference; lastKnownFileType = sourcecode.swift; path = FilterView.swift; sourceTree = "<group>"; };
		52812BC82D70D17800BDB866 /* SideMenuView.swift */ = {isa = PBXFileReference; lastKnownFileType = sourcecode.swift; path = SideMenuView.swift; sourceTree = "<group>"; };
		52812BCC2D70DC6100BDB866 /* ProfileView.swift */ = {isa = PBXFileReference; lastKnownFileType = sourcecode.swift; path = ProfileView.swift; sourceTree = "<group>"; };
		52812BDA2D7101EF00BDB866 /* LoadingView.swift */ = {isa = PBXFileReference; lastKnownFileType = sourcecode.swift; path = LoadingView.swift; sourceTree = "<group>"; };
/* End PBXFileReference section */

/* Begin PBXFileSystemSynchronizedRootGroup section */
		1743F6762D720D9900372929 /* Navigation */ = {isa = PBXFileSystemSynchronizedRootGroup; explicitFileTypes = {}; explicitFolders = (); path = Navigation; sourceTree = "<group>"; };
/* End PBXFileSystemSynchronizedRootGroup section */

/* Begin PBXFrameworksBuildPhase section */
		520C4B1F2D6F31B6003B08E2 /* Frameworks */ = {
			isa = PBXFrameworksBuildPhase;
			buildActionMask = 2147483647;
			files = (
			);
			runOnlyForDeploymentPostprocessing = 0;
		};
		520C4B2F2D6F31B7003B08E2 /* Frameworks */ = {
			isa = PBXFrameworksBuildPhase;
			buildActionMask = 2147483647;
			files = (
			);
			runOnlyForDeploymentPostprocessing = 0;
		};
		520C4B392D6F31B8003B08E2 /* Frameworks */ = {
			isa = PBXFrameworksBuildPhase;
			buildActionMask = 2147483647;
			files = (
			);
			runOnlyForDeploymentPostprocessing = 0;
		};
/* End PBXFrameworksBuildPhase section */

/* Begin PBXGroup section */
		520C4B192D6F31B6003B08E2 = {
			isa = PBXGroup;
			children = (
				520C4B242D6F31B6003B08E2 /* UniversityN */,
				520C4B352D6F31B7003B08E2 /* UniversityNTests */,
				520C4B3F2D6F31B8003B08E2 /* UniversityNUITests */,
				520C4B232D6F31B6003B08E2 /* Products */,
			);
			sourceTree = "<group>";
		};
		520C4B232D6F31B6003B08E2 /* Products */ = {
			isa = PBXGroup;
			children = (
				520C4B222D6F31B6003B08E2 /* UniversityN.app */,
				520C4B322D6F31B7003B08E2 /* UniversityNTests.xctest */,
				520C4B3C2D6F31B8003B08E2 /* UniversityNUITests.xctest */,
			);
			name = Products;
			sourceTree = "<group>";
		};
		520C4B242D6F31B6003B08E2 /* UniversityN */ = {
			isa = PBXGroup;
			children = (
				1743F6AD2D72185E00372929 /* MyApp.swift */,
				1743F6762D720D9900372929 /* Navigation */,
				1743F6742D71D7BB00372929 /* Router.swift */,
				1743F6722D71C3FE00372929 /* ScreenNames.swift */,
				1743F6422D71A32C00372929 /* Untitled.swift */,
				520C4B252D6F31B6003B08E2 /* UniversityNApp.swift */,
				520C4B272D6F31B6003B08E2 /* ContentView.swift */,
				520C4B4F2D6F3386003B08E2 /* LoginView.swift */,
				52812BDA2D7101EF00BDB866 /* LoadingView.swift */,
				520C4B5B2D6F46DC003B08E2 /* Signup.swift */,
				520C4B5D2D6F5020003B08E2 /* Verification.swift */,
				520C4B5F2D6F50BE003B08E2 /* ResetPasswordView.swift */,
				520C4B612D6F51B6003B08E2 /* PhoneGuideView1.swift */,
				52812BC82D70D17800BDB866 /* SideMenuView.swift */,
				520C4B692D6F58FB003B08E2 /* EventAppView.swift */,
				52812BCC2D70DC6100BDB866 /* ProfileView.swift */,
				520C4B6B2D6FA05D003B08E2 /* EventDetailView.swift */,
				52812BBC2D708F4600BDB866 /* LabListView.swift */,
				52812BBE2D70B7CE00BDB866 /* LocationDetailView.swift */,
				52812BC22D70BF0000BDB866 /* CampusMapView.swift */,
				52812BC62D70CE8600BDB866 /* FilterView.swift */,
				520C4B6F2D6FA5E2003B08E2 /* EventsListView.swift */,
				520C4B292D6F31B7003B08E2 /* Assets.xcassets */,
				520C4B2B2D6F31B7003B08E2 /* Preview Content */,
			);
			path = UniversityN;
			sourceTree = "<group>";
		};
		520C4B2B2D6F31B7003B08E2 /* Preview Content */ = {
			isa = PBXGroup;
			children = (
				520C4B2C2D6F31B7003B08E2 /* Preview Assets.xcassets */,
			);
			path = "Preview Content";
			sourceTree = "<group>";
		};
		520C4B352D6F31B7003B08E2 /* UniversityNTests */ = {
			isa = PBXGroup;
			children = (
				520C4B362D6F31B8003B08E2 /* UniversityNTests.swift */,
			);
			path = UniversityNTests;
			sourceTree = "<group>";
		};
		520C4B3F2D6F31B8003B08E2 /* UniversityNUITests */ = {
			isa = PBXGroup;
			children = (
				520C4B402D6F31B8003B08E2 /* UniversityNUITests.swift */,
				520C4B422D6F31B8003B08E2 /* UniversityNUITestsLaunchTests.swift */,
			);
			path = UniversityNUITests;
			sourceTree = "<group>";
		};
/* End PBXGroup section */

/* Begin PBXNativeTarget section */
		520C4B212D6F31B6003B08E2 /* UniversityN */ = {
			isa = PBXNativeTarget;
			buildConfigurationList = 520C4B462D6F31B8003B08E2 /* Build configuration list for PBXNativeTarget "UniversityN" */;
			buildPhases = (
				520C4B1E2D6F31B6003B08E2 /* Sources */,
				520C4B1F2D6F31B6003B08E2 /* Frameworks */,
				520C4B202D6F31B6003B08E2 /* Resources */,
			);
			buildRules = (
			);
			dependencies = (
			);
			fileSystemSynchronizedGroups = (
				1743F6762D720D9900372929 /* Navigation */,
			);
			name = UniversityN;
			productName = UniversityN;
			productReference = 520C4B222D6F31B6003B08E2 /* UniversityN.app */;
			productType = "com.apple.product-type.application";
		};
		520C4B312D6F31B7003B08E2 /* UniversityNTests */ = {
			isa = PBXNativeTarget;
			buildConfigurationList = 520C4B492D6F31B8003B08E2 /* Build configuration list for PBXNativeTarget "UniversityNTests" */;
			buildPhases = (
				520C4B2E2D6F31B7003B08E2 /* Sources */,
				520C4B2F2D6F31B7003B08E2 /* Frameworks */,
				520C4B302D6F31B7003B08E2 /* Resources */,
			);
			buildRules = (
			);
			dependencies = (
				520C4B342D6F31B7003B08E2 /* PBXTargetDependency */,
			);
			name = UniversityNTests;
			productName = UniversityNTests;
			productReference = 520C4B322D6F31B7003B08E2 /* UniversityNTests.xctest */;
			productType = "com.apple.product-type.bundle.unit-test";
		};
		520C4B3B2D6F31B8003B08E2 /* UniversityNUITests */ = {
			isa = PBXNativeTarget;
			buildConfigurationList = 520C4B4C2D6F31B8003B08E2 /* Build configuration list for PBXNativeTarget "UniversityNUITests" */;
			buildPhases = (
				520C4B382D6F31B8003B08E2 /* Sources */,
				520C4B392D6F31B8003B08E2 /* Frameworks */,
				520C4B3A2D6F31B8003B08E2 /* Resources */,
			);
			buildRules = (
			);
			dependencies = (
				520C4B3E2D6F31B8003B08E2 /* PBXTargetDependency */,
			);
			name = UniversityNUITests;
			productName = UniversityNUITests;
			productReference = 520C4B3C2D6F31B8003B08E2 /* UniversityNUITests.xctest */;
			productType = "com.apple.product-type.bundle.ui-testing";
		};
/* End PBXNativeTarget section */

/* Begin PBXProject section */
		520C4B1A2D6F31B6003B08E2 /* Project object */ = {
			isa = PBXProject;
			attributes = {
				BuildIndependentTargetsInParallel = 1;
				LastSwiftUpdateCheck = 1430;
				LastUpgradeCheck = 1620;
				TargetAttributes = {
					520C4B212D6F31B6003B08E2 = {
						CreatedOnToolsVersion = 14.3.1;
					};
					520C4B312D6F31B7003B08E2 = {
						CreatedOnToolsVersion = 14.3.1;
						TestTargetID = 520C4B212D6F31B6003B08E2;
					};
					520C4B3B2D6F31B8003B08E2 = {
						CreatedOnToolsVersion = 14.3.1;
						TestTargetID = 520C4B212D6F31B6003B08E2;
					};
				};
			};
			buildConfigurationList = 520C4B1D2D6F31B6003B08E2 /* Build configuration list for PBXProject "UniversityN" */;
			compatibilityVersion = "Xcode 14.0";
			developmentRegion = en;
			hasScannedForEncodings = 0;
			knownRegions = (
				en,
				Base,
			);
			mainGroup = 520C4B192D6F31B6003B08E2;
			productRefGroup = 520C4B232D6F31B6003B08E2 /* Products */;
			projectDirPath = "";
			projectRoot = "";
			targets = (
				520C4B212D6F31B6003B08E2 /* UniversityN */,
				520C4B312D6F31B7003B08E2 /* UniversityNTests */,
				520C4B3B2D6F31B8003B08E2 /* UniversityNUITests */,
			);
		};
/* End PBXProject section */

/* Begin PBXResourcesBuildPhase section */
		520C4B202D6F31B6003B08E2 /* Resources */ = {
			isa = PBXResourcesBuildPhase;
			buildActionMask = 2147483647;
			files = (
				520C4B2D2D6F31B7003B08E2 /* Preview Assets.xcassets in Resources */,
				520C4B2A2D6F31B7003B08E2 /* Assets.xcassets in Resources */,
			);
			runOnlyForDeploymentPostprocessing = 0;
		};
		520C4B302D6F31B7003B08E2 /* Resources */ = {
			isa = PBXResourcesBuildPhase;
			buildActionMask = 2147483647;
			files = (
			);
			runOnlyForDeploymentPostprocessing = 0;
		};
		520C4B3A2D6F31B8003B08E2 /* Resources */ = {
			isa = PBXResourcesBuildPhase;
			buildActionMask = 2147483647;
			files = (
			);
			runOnlyForDeploymentPostprocessing = 0;
		};
/* End PBXResourcesBuildPhase section */

/* Begin PBXSourcesBuildPhase section */
		520C4B1E2D6F31B6003B08E2 /* Sources */ = {
			isa = PBXSourcesBuildPhase;
			buildActionMask = 2147483647;
			files = (
				52812BC72D70CE8600BDB866 /* FilterView.swift in Sources */,
				52812BBD2D708F4600BDB866 /* LabListView.swift in Sources */,
				52812BC32D70BF0000BDB866 /* CampusMapView.swift in Sources */,
				520C4B5E2D6F5020003B08E2 /* Verification.swift in Sources */,
				52812BDB2D7101EF00BDB866 /* LoadingView.swift in Sources */,
				52812BBF2D70B7CE00BDB866 /* LocationDetailView.swift in Sources */,
				1743F6752D71D7C300372929 /* Router.swift in Sources */,
				520C4B702D6FA5E2003B08E2 /* EventsListView.swift in Sources */,
				520C4B502D6F3386003B08E2 /* LoginView.swift in Sources */,
				520C4B5C2D6F46DC003B08E2 /* Signup.swift in Sources */,
				52812BCD2D70DC6100BDB866 /* ProfileView.swift in Sources */,
				520C4B6A2D6F58FB003B08E2 /* EventAppView.swift in Sources */,
				520C4B622D6F51B6003B08E2 /* PhoneGuideView1.swift in Sources */,
				1743F6AE2D72187B00372929 /* MyApp.swift in Sources */,
				1743F6732D71C40000372929 /* ScreenNames.swift in Sources */,
				520C4B6C2D6FA05D003B08E2 /* EventDetailView.swift in Sources */,
				520C4B602D6F50BE003B08E2 /* ResetPasswordView.swift in Sources */,
				52812BC92D70D17800BDB866 /* SideMenuView.swift in Sources */,
				520C4B282D6F31B6003B08E2 /* ContentView.swift in Sources */,
				520C4B262D6F31B6003B08E2 /* UniversityNApp.swift in Sources */,
			);
			runOnlyForDeploymentPostprocessing = 0;
		};
		520C4B2E2D6F31B7003B08E2 /* Sources */ = {
			isa = PBXSourcesBuildPhase;
			buildActionMask = 2147483647;
			files = (
				520C4B372D6F31B8003B08E2 /* UniversityNTests.swift in Sources */,
			);
			runOnlyForDeploymentPostprocessing = 0;
		};
		520C4B382D6F31B8003B08E2 /* Sources */ = {
			isa = PBXSourcesBuildPhase;
			buildActionMask = 2147483647;
			files = (
				520C4B412D6F31B8003B08E2 /* UniversityNUITests.swift in Sources */,
				520C4B432D6F31B8003B08E2 /* UniversityNUITestsLaunchTests.swift in Sources */,
			);
			runOnlyForDeploymentPostprocessing = 0;
		};
/* End PBXSourcesBuildPhase section */

/* Begin PBXTargetDependency section */
		520C4B342D6F31B7003B08E2 /* PBXTargetDependency */ = {
			isa = PBXTargetDependency;
			target = 520C4B212D6F31B6003B08E2 /* UniversityN */;
			targetProxy = 520C4B332D6F31B7003B08E2 /* PBXContainerItemProxy */;
		};
		520C4B3E2D6F31B8003B08E2 /* PBXTargetDependency */ = {
			isa = PBXTargetDependency;
			target = 520C4B212D6F31B6003B08E2 /* UniversityN */;
			targetProxy = 520C4B3D2D6F31B8003B08E2 /* PBXContainerItemProxy */;
		};
/* End PBXTargetDependency section */

/* Begin XCBuildConfiguration section */
		520C4B442D6F31B8003B08E2 /* Debug */ = {
			isa = XCBuildConfiguration;
			buildSettings = {
				ALWAYS_SEARCH_USER_PATHS = NO;
				ASSETCATALOG_COMPILER_GENERATE_SWIFT_ASSET_SYMBOL_EXTENSIONS = YES;
				CLANG_ANALYZER_NONNULL = YES;
				CLANG_ANALYZER_NUMBER_OBJECT_CONVERSION = YES_AGGRESSIVE;
				CLANG_CXX_LANGUAGE_STANDARD = "gnu++20";
				CLANG_ENABLE_MODULES = YES;
				CLANG_ENABLE_OBJC_ARC = YES;
				CLANG_ENABLE_OBJC_WEAK = YES;
				CLANG_WARN_BLOCK_CAPTURE_AUTORELEASING = YES;
				CLANG_WARN_BOOL_CONVERSION = YES;
				CLANG_WARN_COMMA = YES;
				CLANG_WARN_CONSTANT_CONVERSION = YES;
				CLANG_WARN_DEPRECATED_OBJC_IMPLEMENTATIONS = YES;
				CLANG_WARN_DIRECT_OBJC_ISA_USAGE = YES_ERROR;
				CLANG_WARN_DOCUMENTATION_COMMENTS = YES;
				CLANG_WARN_EMPTY_BODY = YES;
				CLANG_WARN_ENUM_CONVERSION = YES;
				CLANG_WARN_INFINITE_RECURSION = YES;
				CLANG_WARN_INT_CONVERSION = YES;
				CLANG_WARN_NON_LITERAL_NULL_CONVERSION = YES;
				CLANG_WARN_OBJC_IMPLICIT_RETAIN_SELF = YES;
				CLANG_WARN_OBJC_LITERAL_CONVERSION = YES;
				CLANG_WARN_OBJC_ROOT_CLASS = YES_ERROR;
				CLANG_WARN_QUOTED_INCLUDE_IN_FRAMEWORK_HEADER = YES;
				CLANG_WARN_RANGE_LOOP_ANALYSIS = YES;
				CLANG_WARN_STRICT_PROTOTYPES = YES;
				CLANG_WARN_SUSPICIOUS_MOVE = YES;
				CLANG_WARN_UNGUARDED_AVAILABILITY = YES_AGGRESSIVE;
				CLANG_WARN_UNREACHABLE_CODE = YES;
				CLANG_WARN__DUPLICATE_METHOD_MATCH = YES;
				COPY_PHASE_STRIP = NO;
				DEBUG_INFORMATION_FORMAT = dwarf;
				ENABLE_STRICT_OBJC_MSGSEND = YES;
				ENABLE_TESTABILITY = YES;
				ENABLE_USER_SCRIPT_SANDBOXING = YES;
				GCC_C_LANGUAGE_STANDARD = gnu11;
				GCC_DYNAMIC_NO_PIC = NO;
				GCC_NO_COMMON_BLOCKS = YES;
				GCC_OPTIMIZATION_LEVEL = 0;
				GCC_PREPROCESSOR_DEFINITIONS = (
					"DEBUG=1",
					"$(inherited)",
				);
				GCC_WARN_64_TO_32_BIT_CONVERSION = YES;
				GCC_WARN_ABOUT_RETURN_TYPE = YES_ERROR;
				GCC_WARN_UNDECLARED_SELECTOR = YES;
				GCC_WARN_UNINITIALIZED_AUTOS = YES_AGGRESSIVE;
				GCC_WARN_UNUSED_FUNCTION = YES;
				GCC_WARN_UNUSED_VARIABLE = YES;
				IPHONEOS_DEPLOYMENT_TARGET = 16.4;
				MTL_ENABLE_DEBUG_INFO = INCLUDE_SOURCE;
				MTL_FAST_MATH = YES;
				ONLY_ACTIVE_ARCH = YES;
				SDKROOT = iphoneos;
				SWIFT_ACTIVE_COMPILATION_CONDITIONS = DEBUG;
				SWIFT_OPTIMIZATION_LEVEL = "-Onone";
			};
			name = Debug;
		};
		520C4B452D6F31B8003B08E2 /* Release */ = {
			isa = XCBuildConfiguration;
			buildSettings = {
				ALWAYS_SEARCH_USER_PATHS = NO;
				ASSETCATALOG_COMPILER_GENERATE_SWIFT_ASSET_SYMBOL_EXTENSIONS = YES;
				CLANG_ANALYZER_NONNULL = YES;
				CLANG_ANALYZER_NUMBER_OBJECT_CONVERSION = YES_AGGRESSIVE;
				CLANG_CXX_LANGUAGE_STANDARD = "gnu++20";
				CLANG_ENABLE_MODULES = YES;
				CLANG_ENABLE_OBJC_ARC = YES;
				CLANG_ENABLE_OBJC_WEAK = YES;
				CLANG_WARN_BLOCK_CAPTURE_AUTORELEASING = YES;
				CLANG_WARN_BOOL_CONVERSION = YES;
				CLANG_WARN_COMMA = YES;
				CLANG_WARN_CONSTANT_CONVERSION = YES;
				CLANG_WARN_DEPRECATED_OBJC_IMPLEMENTATIONS = YES;
				CLANG_WARN_DIRECT_OBJC_ISA_USAGE = YES_ERROR;
				CLANG_WARN_DOCUMENTATION_COMMENTS = YES;
				CLANG_WARN_EMPTY_BODY = YES;
				CLANG_WARN_ENUM_CONVERSION = YES;
				CLANG_WARN_INFINITE_RECURSION = YES;
				CLANG_WARN_INT_CONVERSION = YES;
				CLANG_WARN_NON_LITERAL_NULL_CONVERSION = YES;
				CLANG_WARN_OBJC_IMPLICIT_RETAIN_SELF = YES;
				CLANG_WARN_OBJC_LITERAL_CONVERSION = YES;
				CLANG_WARN_OBJC_ROOT_CLASS = YES_ERROR;
				CLANG_WARN_QUOTED_INCLUDE_IN_FRAMEWORK_HEADER = YES;
				CLANG_WARN_RANGE_LOOP_ANALYSIS = YES;
				CLANG_WARN_STRICT_PROTOTYPES = YES;
				CLANG_WARN_SUSPICIOUS_MOVE = YES;
				CLANG_WARN_UNGUARDED_AVAILABILITY = YES_AGGRESSIVE;
				CLANG_WARN_UNREACHABLE_CODE = YES;
				CLANG_WARN__DUPLICATE_METHOD_MATCH = YES;
				COPY_PHASE_STRIP = NO;
				DEBUG_INFORMATION_FORMAT = "dwarf-with-dsym";
				ENABLE_NS_ASSERTIONS = NO;
				ENABLE_STRICT_OBJC_MSGSEND = YES;
				ENABLE_USER_SCRIPT_SANDBOXING = YES;
				GCC_C_LANGUAGE_STANDARD = gnu11;
				GCC_NO_COMMON_BLOCKS = YES;
				GCC_WARN_64_TO_32_BIT_CONVERSION = YES;
				GCC_WARN_ABOUT_RETURN_TYPE = YES_ERROR;
				GCC_WARN_UNDECLARED_SELECTOR = YES;
				GCC_WARN_UNINITIALIZED_AUTOS = YES_AGGRESSIVE;
				GCC_WARN_UNUSED_FUNCTION = YES;
				GCC_WARN_UNUSED_VARIABLE = YES;
				IPHONEOS_DEPLOYMENT_TARGET = 16.4;
				MTL_ENABLE_DEBUG_INFO = NO;
				MTL_FAST_MATH = YES;
				SDKROOT = iphoneos;
				SWIFT_COMPILATION_MODE = wholemodule;
				SWIFT_OPTIMIZATION_LEVEL = "-O";
				VALIDATE_PRODUCT = YES;
			};
			name = Release;
		};
		520C4B472D6F31B8003B08E2 /* Debug */ = {
			isa = XCBuildConfiguration;
			buildSettings = {
				ASSETCATALOG_COMPILER_APPICON_NAME = AppIcon;
				ASSETCATALOG_COMPILER_GLOBAL_ACCENT_COLOR_NAME = AccentColor;
				CODE_SIGN_STYLE = Automatic;
				CURRENT_PROJECT_VERSION = 1;
				DEVELOPMENT_ASSET_PATHS = "\"UniversityN/Preview Content\"";
				ENABLE_PREVIEWS = YES;
				GENERATE_INFOPLIST_FILE = YES;
				INFOPLIST_KEY_UIApplicationSceneManifest_Generation = YES;
				INFOPLIST_KEY_UIApplicationSupportsIndirectInputEvents = YES;
				INFOPLIST_KEY_UILaunchScreen_Generation = YES;
				INFOPLIST_KEY_UISupportedInterfaceOrientations_iPad = "UIInterfaceOrientationPortrait UIInterfaceOrientationPortraitUpsideDown UIInterfaceOrientationLandscapeLeft UIInterfaceOrientationLandscapeRight";
				INFOPLIST_KEY_UISupportedInterfaceOrientations_iPhone = "UIInterfaceOrientationPortrait UIInterfaceOrientationLandscapeLeft UIInterfaceOrientationLandscapeRight";
				IPHONEOS_DEPLOYMENT_TARGET = 15.6;
				LD_RUNPATH_SEARCH_PATHS = (
					"$(inherited)",
					"@executable_path/Frameworks",
				);
				MARKETING_VERSION = 1.0;
				PRODUCT_BUNDLE_IDENTIFIER = UN.UniversityN;
				PRODUCT_NAME = "$(TARGET_NAME)";
				SWIFT_EMIT_LOC_STRINGS = YES;
				SWIFT_VERSION = 5.0;
				TARGETED_DEVICE_FAMILY = "1,2";
			};
			name = Debug;
		};
		520C4B482D6F31B8003B08E2 /* Release */ = {
			isa = XCBuildConfiguration;
			buildSettings = {
				ASSETCATALOG_COMPILER_APPICON_NAME = AppIcon;
				ASSETCATALOG_COMPILER_GLOBAL_ACCENT_COLOR_NAME = AccentColor;
				CODE_SIGN_STYLE = Automatic;
				CURRENT_PROJECT_VERSION = 1;
				DEVELOPMENT_ASSET_PATHS = "\"UniversityN/Preview Content\"";
				ENABLE_PREVIEWS = YES;
				GENERATE_INFOPLIST_FILE = YES;
				INFOPLIST_KEY_UIApplicationSceneManifest_Generation = YES;
				INFOPLIST_KEY_UIApplicationSupportsIndirectInputEvents = YES;
				INFOPLIST_KEY_UILaunchScreen_Generation = YES;
				INFOPLIST_KEY_UISupportedInterfaceOrientations_iPad = "UIInterfaceOrientationPortrait UIInterfaceOrientationPortraitUpsideDown UIInterfaceOrientationLandscapeLeft UIInterfaceOrientationLandscapeRight";
				INFOPLIST_KEY_UISupportedInterfaceOrientations_iPhone = "UIInterfaceOrientationPortrait UIInterfaceOrientationLandscapeLeft UIInterfaceOrientationLandscapeRight";
				IPHONEOS_DEPLOYMENT_TARGET = 15.6;
				LD_RUNPATH_SEARCH_PATHS = (
					"$(inherited)",
					"@executable_path/Frameworks",
				);
				MARKETING_VERSION = 1.0;
				PRODUCT_BUNDLE_IDENTIFIER = UN.UniversityN;
				PRODUCT_NAME = "$(TARGET_NAME)";
				SWIFT_EMIT_LOC_STRINGS = YES;
				SWIFT_VERSION = 5.0;
				TARGETED_DEVICE_FAMILY = "1,2";
			};
			name = Release;
		};
		520C4B4A2D6F31B8003B08E2 /* Debug */ = {
			isa = XCBuildConfiguration;
			buildSettings = {
				BUNDLE_LOADER = "$(TEST_HOST)";
				CODE_SIGN_STYLE = Automatic;
				CURRENT_PROJECT_VERSION = 1;
				GENERATE_INFOPLIST_FILE = YES;
				IPHONEOS_DEPLOYMENT_TARGET = 16.4;
				MARKETING_VERSION = 1.0;
				PRODUCT_BUNDLE_IDENTIFIER = UN.UniversityNTests;
				PRODUCT_NAME = "$(TARGET_NAME)";
				SWIFT_EMIT_LOC_STRINGS = NO;
				SWIFT_VERSION = 5.0;
				TARGETED_DEVICE_FAMILY = "1,2";
				TEST_HOST = "$(BUILT_PRODUCTS_DIR)/UniversityN.app/$(BUNDLE_EXECUTABLE_FOLDER_PATH)/UniversityN";
			};
			name = Debug;
		};
		520C4B4B2D6F31B8003B08E2 /* Release */ = {
			isa = XCBuildConfiguration;
			buildSettings = {
				BUNDLE_LOADER = "$(TEST_HOST)";
				CODE_SIGN_STYLE = Automatic;
				CURRENT_PROJECT_VERSION = 1;
				GENERATE_INFOPLIST_FILE = YES;
				IPHONEOS_DEPLOYMENT_TARGET = 16.4;
				MARKETING_VERSION = 1.0;
				PRODUCT_BUNDLE_IDENTIFIER = UN.UniversityNTests;
				PRODUCT_NAME = "$(TARGET_NAME)";
				SWIFT_EMIT_LOC_STRINGS = NO;
				SWIFT_VERSION = 5.0;
				TARGETED_DEVICE_FAMILY = "1,2";
				TEST_HOST = "$(BUILT_PRODUCTS_DIR)/UniversityN.app/$(BUNDLE_EXECUTABLE_FOLDER_PATH)/UniversityN";
			};
			name = Release;
		};
		520C4B4D2D6F31B8003B08E2 /* Debug */ = {
			isa = XCBuildConfiguration;
			buildSettings = {
				CODE_SIGN_STYLE = Automatic;
				CURRENT_PROJECT_VERSION = 1;
				GENERATE_INFOPLIST_FILE = YES;
				MARKETING_VERSION = 1.0;
				PRODUCT_BUNDLE_IDENTIFIER = UN.UniversityNUITests;
				PRODUCT_NAME = "$(TARGET_NAME)";
				SWIFT_EMIT_LOC_STRINGS = NO;
				SWIFT_VERSION = 5.0;
				TARGETED_DEVICE_FAMILY = "1,2";
				TEST_TARGET_NAME = UniversityN;
			};
			name = Debug;
		};
		520C4B4E2D6F31B8003B08E2 /* Release */ = {
			isa = XCBuildConfiguration;
			buildSettings = {
				CODE_SIGN_STYLE = Automatic;
				CURRENT_PROJECT_VERSION = 1;
				GENERATE_INFOPLIST_FILE = YES;
				MARKETING_VERSION = 1.0;
				PRODUCT_BUNDLE_IDENTIFIER = UN.UniversityNUITests;
				PRODUCT_NAME = "$(TARGET_NAME)";
				SWIFT_EMIT_LOC_STRINGS = NO;
				SWIFT_VERSION = 5.0;
				TARGETED_DEVICE_FAMILY = "1,2";
				TEST_TARGET_NAME = UniversityN;
			};
			name = Release;
		};
/* End XCBuildConfiguration section */

/* Begin XCConfigurationList section */
		520C4B1D2D6F31B6003B08E2 /* Build configuration list for PBXProject "UniversityN" */ = {
			isa = XCConfigurationList;
			buildConfigurations = (
				520C4B442D6F31B8003B08E2 /* Debug */,
				520C4B452D6F31B8003B08E2 /* Release */,
			);
			defaultConfigurationIsVisible = 0;
			defaultConfigurationName = Release;
		};
		520C4B462D6F31B8003B08E2 /* Build configuration list for PBXNativeTarget "UniversityN" */ = {
			isa = XCConfigurationList;
			buildConfigurations = (
				520C4B472D6F31B8003B08E2 /* Debug */,
				520C4B482D6F31B8003B08E2 /* Release */,
			);
			defaultConfigurationIsVisible = 0;
			defaultConfigurationName = Release;
		};
		520C4B492D6F31B8003B08E2 /* Build configuration list for PBXNativeTarget "UniversityNTests" */ = {
			isa = XCConfigurationList;
			buildConfigurations = (
				520C4B4A2D6F31B8003B08E2 /* Debug */,
				520C4B4B2D6F31B8003B08E2 /* Release */,
			);
			defaultConfigurationIsVisible = 0;
			defaultConfigurationName = Release;
		};
		520C4B4C2D6F31B8003B08E2 /* Build configuration list for PBXNativeTarget "UniversityNUITests" */ = {
			isa = XCConfigurationList;
			buildConfigurations = (
				520C4B4D2D6F31B8003B08E2 /* Debug */,
				520C4B4E2D6F31B8003B08E2 /* Release */,
			);
			defaultConfigurationIsVisible = 0;
			defaultConfigurationName = Release;
		};
/* End XCConfigurationList section */
	};
	rootObject = 520C4B1A2D6F31B6003B08E2 /* Project object */;
}
